
Microsoft Visual Studio Solution File, Format Version 12.00
# Visual Studio 14
VisualStudioVersion = 14.0.25123.0
MinimumVisualStudioVersion = 10.0.40219.1
Project("{FAE04EC0-301F-11D3-BF4B-00C04F79EFBC}") = "RomanNumerals", "RomanNumerals\RomanNumerals.csproj", "{97AF7410-3B14-4C6E-97FD-D979D6251F0F}"
EndProject
Project("{FAE04EC0-301F-11D3-BF4B-00C04F79EFBC}") = "RomanNumeralsTest", "RomanNumeralsTest\RomanNumeralsTest.csproj", "{51141315-82FF-491E-846C-C3E2290A697B}"
EndProject
Global
	GlobalSection(SolutionConfigurationPlatforms) = preSolution
		Debug|Any CPU = Debug|Any CPU
		Release|Any CPU = Release|Any CPU
	EndGlobalSection
	GlobalSection(ProjectConfigurationPlatforms) = postSolution
		{97AF7410-3B14-4C6E-97FD-D979D6251F0F}.Debug|Any CPU.ActiveCfg = Debug|Any CPU
		{97AF7410-3B14-4C6E-97FD-D979D6251F0F}.Debug|Any CPU.Build.0 = Debug|Any CPU
		{97AF7410-3B14-4C6E-97FD-D979D6251F0F}.Release|Any CPU.ActiveCfg = Release|Any CPU
		{97AF7410-3B14-4C6E-97FD-D979D6251F0F}.Release|Any CPU.Build.0 = Release|Any CPU
		{51141315-82FF-491E-846C-C3E2290A697B}.Debug|Any CPU.ActiveCfg = Debug|Any CPU
		{51141315-82FF-491E-846C-C3E2290A697B}.Debug|Any CPU.Build.0 = Debug|Any CPU
		{51141315-82FF-491E-846C-C3E2290A697B}.Release|Any CPU.ActiveCfg = Release|Any CPU
		{51141315-82FF-491E-846C-C3E2290A697B}.Release|Any CPU.Build.0 = Release|Any CPU
	EndGlobalSection
	GlobalSection(SolutionProperties) = preSolution
		HideSolutionNode = FALSE
	EndGlobalSection
EndGlobal
